{
    "_meta": {
        "hash": {
            "sha256": "370555aa9704e408d187635d43680247b7c611230cf2859a8d20e073b77b6f91"
        },
        "pipfile-spec": 6,
        "requires": {
            "python_version": "3"
        },
        "sources": [
            {
                "name": "pypi",
                "url": "https://pypi.org/simple",
                "verify_ssl": true
            }
        ]
    },
    "default": {
        "dlinfo": {
            "editable": true,
            "path": "."
        },
        "sanitized-package": {
            "editable": true,
            "path": "."
        }
    },
    "develop": {
        "astroid": {
            "hashes": [
                "sha256:2f4078c2a41bf377eea06d71c9d2ba4eb8f6b1af2135bec27bbbb7d8f12bb703",
                "sha256:bc58d83eb610252fd8de6363e39d4f1d0619c894b0ed24603b881c02e64c7386"
            ],
            "index": "pypi",
            "version": "==2.4.2"
        },
        "attrs": {
            "hashes": [
                "sha256:149e90d6d8ac20db7a955ad60cf0e6881a3f20d37096140088356da6c716b0b1",
                "sha256:ef6aaac3ca6cd92904cdd0d83f629a15f18053ec84e6432106f7a4d04ae4f5fb"
            ],
            "markers": "python_version >= '2.7' and python_version not in '3.0, 3.1, 3.2, 3.3, 3.4'",
            "version": "==21.2.0"
        },
        "coverage": {
            "extras": [
                "toml"
            ],
            "hashes": [
                "sha256:08fd55d2e00dac4c18a2fa26281076035ec86e764acdc198b9185ce749ada58f",
                "sha256:11ce082eb0f7c2bbfe96f6c8bcc3a339daac57de4dc0f3186069ec5c58da911c",
                "sha256:17983f6ccc47f4864fd16d20ff677782b23d1207bf222d10e4d676e4636b0872",
                "sha256:25df2bc53a954ba2ccf230fa274d1de341f6aa633d857d75e5731365f7181749",
                "sha256:274a612f67f931307706b60700f1e4cf80e1d79dff6c282fc9301e4565e78724",
                "sha256:3dfb23cc180b674a11a559183dff9655beb9da03088f3fe3c4f3a6d200c86f05",
                "sha256:43bada49697a62ffa0283c7f01bbc76aac562c37d4bb6c45d56dd008d841194e",
                "sha256:4865dc4a7a566147cbdc2b2f033a6cccc99a7dcc89995137765c384f6c73110b",
                "sha256:581fddd2f883379bd5af51da9233e0396b6519f3d3eeae4fb88867473be6d56e",
                "sha256:5c191e01b23e760338f19d8ba2470c0dad44c8b45e41ac043b2db84efc62f695",
                "sha256:6e216e4021c934246c308fd3e0d739d9fa8a3f4ea414f584ab90ef9c1592f282",
                "sha256:72f8c99f1527c5a8ee77c890ea810e26b39fd0b4c2dffc062e20a05b2cca60ef",
                "sha256:7593a49300489d064ebb6c58539f52cbbc4a2e6a4385de5e92cae1563f88a425",
                "sha256:7844a8c6a0fee401edbf578713c2473e020759267c40261b294036f9d3eb6a2d",
                "sha256:7af2f8e7bb54ace984de790e897f858e88068d8fbc46c9490b7c19c59cf51822",
                "sha256:7dbda34e8e26bd86606ba8a9c13ccb114802e01758a3d0a75652ffc59a573220",
                "sha256:82b58d37c47d93a171be9b5744bcc96a0012cbf53d5622b29a49e6be2097edd7",
                "sha256:8305e14112efb74d0b5fec4df6e41cafde615c2392a7e51c84013cafe945842c",
                "sha256:8426fec5ad5a6e8217921716b504e9b6e1166dc147e8443b4855e329db686282",
                "sha256:88f1810eb942e7063d051d87aaaa113eb5fd5a7fd2cda03a972de57695b8bb1a",
                "sha256:8da0c4a26a831b392deaba5fdd0cd7838d173b47ce2ec3d0f37be630cb09ef6e",
                "sha256:a9dbfcbc56d8de5580483cf2caff6a59c64d3e88836cbe5fb5c20c05c29a8808",
                "sha256:aa5d4d43fa18cc9d0c6e02a83de0b9729b5451a9066574bd276481474f0a53ab",
                "sha256:adb0f4c3c8ba8104378518a1954cbf3d891a22c13fd0e0bf135391835f44f288",
                "sha256:b4ee5815c776dfa3958ba71c7cd4cdd8eb40d79358a18352feb19562fe4408c4",
                "sha256:b5dd5ae0a9cd55d71f1335c331e9625382239b8cede818fb62d8d2702336dbf8",
                "sha256:b78dd3eeb8f5ff26d2113c41836bac04a9ea91be54c346826b54a373133c8c53",
                "sha256:bea681309bdd88dd1283a8ba834632c43da376d9bce05820826090aad80c0126",
                "sha256:befb5ffa9faabef6dadc42622c73de168001425258f0b7e402a2934574e7a04b",
                "sha256:d795a2c92fe8cb31f6e9cd627ee4f39b64eb66bf47d89d8fcf7cb3d17031c887",
                "sha256:d82cbef1220703ce56822be7fbddb40736fc1a928ac893472df8aff7421ae0aa",
                "sha256:e63490e8a6675cee7a71393ee074586f7eeaf0e9341afd006c5d6f7eec7c16d7",
                "sha256:e735ab8547d8a1fe8e58dd765d6f27ac539b395f52160d767b7189f379f9be7a",
                "sha256:fa816e97cfe1f691423078dffa39a18106c176f28008db017b3ce3e947c34aa5",
                "sha256:fff04bfefb879edcf616f1ce5ea6f4a693b5976bdc5e163f8464f349c25b59f0"
            ],
            "markers": "python_version >= '3.6'",
            "version": "==6.0"
        },
        "importlib-metadata": {
            "hashes": [
                "sha256:b8de9eff2b35fb037368f28a7df1df4e6436f578fa74423505b6c6a778d5b5dd",
                "sha256:c2d6341ff566f609e89a2acb2db190e5e1d23d5409d6cc8d2fe34d72443876d4"
            ],
            "index": "pypi",
            "version": "==2.1.1"
        },
        "iniconfig": {
            "hashes": [
                "sha256:011e24c64b7f47f6ebd835bb12a743f2fbe9a26d4cecaa7f53bc4f35ee9da8b3",
                "sha256:bc3af051d7d14b2ee5ef9969666def0cd1a000e121eaea580d4a313df4b37f32"
            ],
            "version": "==1.1.1"
        },
        "isort": {
            "hashes": [
                "sha256:54da7e92468955c4fceacd0c86bd0ec997b0e1ee80d97f67c35a78b719dccab1",
                "sha256:6e811fcb295968434526407adb8796944f1988c5b65e8139058f2014cbe100fd"
            ],
            "index": "pypi",
            "version": "==4.3.21"
        },
        "lazy-object-proxy": {
            "hashes": [
                "sha256:0c4b206227a8097f05c4dbdd323c50edf81f15db3b8dc064d08c62d37e1a504d",
                "sha256:194d092e6f246b906e8f70884e620e459fc54db3259e60cf69a4d66c3fda3449",
                "sha256:1be7e4c9f96948003609aa6c974ae59830a6baecc5376c25c92d7d697e684c08",
                "sha256:4677f594e474c91da97f489fea5b7daa17b5517190899cf213697e48d3902f5a",
                "sha256:48dab84ebd4831077b150572aec802f303117c8cc5c871e182447281ebf3ac50",
                "sha256:5541cada25cd173702dbd99f8e22434105456314462326f06dba3e180f203dfd",
                "sha256:59f79fef100b09564bc2df42ea2d8d21a64fdcda64979c0fa3db7bdaabaf6239",
                "sha256:8d859b89baf8ef7f8bc6b00aa20316483d67f0b1cbf422f5b4dc56701c8f2ffb",
                "sha256:9254f4358b9b541e3441b007a0ea0764b9d056afdeafc1a5569eee1cc6c1b9ea",
                "sha256:9651375199045a358eb6741df3e02a651e0330be090b3bc79f6d0de31a80ec3e",
                "sha256:97bb5884f6f1cdce0099f86b907aa41c970c3c672ac8b9c8352789e103cf3156",
                "sha256:9b15f3f4c0f35727d3a0fba4b770b3c4ebbb1fa907dbcc046a1d2799f3edd142",
                "sha256:a2238e9d1bb71a56cd710611a1614d1194dc10a175c1e08d75e1a7bcc250d442",
                "sha256:a6ae12d08c0bf9909ce12385803a543bfe99b95fe01e752536a60af2b7797c62",
                "sha256:ca0a928a3ddbc5725be2dd1cf895ec0a254798915fb3a36af0964a0a4149e3db",
                "sha256:cb2c7c57005a6804ab66f106ceb8482da55f5314b7fcb06551db1edae4ad1531",
                "sha256:d74bb8693bf9cf75ac3b47a54d716bbb1a92648d5f781fc799347cfc95952383",
                "sha256:d945239a5639b3ff35b70a88c5f2f491913eb94871780ebfabb2568bd58afc5a",
                "sha256:eba7011090323c1dadf18b3b689845fd96a61ba0a1dfbd7f24b921398affc357",
                "sha256:efa1909120ce98bbb3777e8b6f92237f5d5c8ea6758efea36a473e1d38f7d3e4",
                "sha256:f3900e8a5de27447acbf900b4750b0ddfd7ec1ea7fbaf11dfa911141bc522af0"
            ],
            "markers": "python_version >= '2.7' and python_version not in '3.0, 3.1, 3.2, 3.3'",
            "version": "==1.4.3"
        },
        "mccabe": {
            "hashes": [
                "sha256:ab8a6258860da4b6677da4bd2fe5dc2c659cff31b3ee4f7f5d64e79735b80d42",
                "sha256:dd8d182285a0fe56bace7f45b5e7d1a6ebcbf524e8f3bd87eb0f125271b8831f"
            ],
            "version": "==0.6.1"
        },
        "packaging": {
            "hashes": [
                "sha256:7dc96269f53a4ccec5c0670940a4281106dd0bb343f47b7471f779df49c2fbe7",
                "sha256:c86254f9220d55e31cc94d69bade760f0847da8000def4dfe1c6b872fd14ff14"
            ],
            "markers": "python_version >= '3.6'",
            "version": "==21.0"
        },
        "pathlib2": {
            "hashes": [
                "sha256:3a130b266b3a36134dcc79c17b3c7ac9634f083825ca6ea9d8f557ee6195c9c8",
                "sha256:7d8bcb5555003cdf4a8d2872c538faa3a0f5d20630cb360e518ca3b981795e5f"
            ],
            "markers": "python_version < '3.6'",
            "version": "==2.3.6"
        },
        "pluggy": {
            "hashes": [
                "sha256:15b2acde666561e1298d71b523007ed7364de07029219b604cf808bfa1c765b0",
                "sha256:966c145cd83c96502c3c3868f50408687b38434af77734af1e9ca461a4081d2d"
            ],
            "markers": "python_version >= '2.7' and python_version not in '3.0, 3.1, 3.2, 3.3'",
            "version": "==0.13.1"
        },
        "py": {
            "hashes": [
                "sha256:21b81bda15b66ef5e1a777a21c4dcd9c20ad3efd0b3f817e7a809035269e1bd3",
                "sha256:3b80836aa6d1feeaa108e046da6423ab8f6ceda6468545ae8d02d9d58d18818a"
            ],
            "markers": "python_version >= '2.7' and python_version not in '3.0, 3.1, 3.2, 3.3'",
            "version": "==1.10.0"
        },
        "pylint": {
            "hashes": [
                "sha256:718b74786ea7ed07aa0c58bf572154d4679f960d26e9641cc1de204a30b87fc9",
                "sha256:e71c2e9614a4f06e36498f310027942b0f4f2fde20aebb01655b31edc63b9eaf"
            ],
            "index": "pypi",
            "version": "==2.6.2"
        },
        "pyparsing": {
            "hashes": [
                "sha256:c203ec8783bf771a155b207279b9bccb8dea02d8f0c9e5f8ead507bc3246ecc1",
                "sha256:ef9d7589ef3c200abe66653d3f1ab1033c3c419ae9b9bdb1240a85b024efc88b"
            ],
            "markers": "python_version >= '2.6' and python_version not in '3.0, 3.1, 3.2, 3.3'",
            "version": "==2.4.7"
        },
        "pytest": {
            "hashes": [
                "sha256:4288fed0d9153d9646bfcdf0c0428197dba1ecb27a33bb6e031d002fa88653fe",
                "sha256:c0a7e94a8cdbc5422a51ccdad8e6f1024795939cc89159a0ae7f0b316ad3823e"
            ],
            "index": "pypi",
            "version": "==6.1.2"
        },
        "pytest-cov": {
            "hashes": [
                "sha256:578d5d15ac4a25e5f961c938b85a05b09fdaae9deef3bb6de9a6e766622ca7a6",
                "sha256:e7f0f5b1617d2210a2cabc266dfe2f4c75a8d32fb89eafb7ad9d06f6d076d470"
            ],
            "index": "pypi",
            "version": "==3.0.0"
        },
        "six": {
            "hashes": [
                "sha256:1e61c37477a1626458e36f7b1d82aa5c9b094fa4802892072e49de9c60c4c926",
                "sha256:8abb2f1d86890a2dfb989f9a77cfcfd3e47c2a354b01111771326f8aa26e0254"
            ],
            "markers": "python_version >= '2.7' and python_version not in '3.0, 3.1, 3.2, 3.3'",
            "version": "==1.16.0"
        },
        "toml": {
            "hashes": [
                "sha256:806143ae5bfb6a3c6e736a764057db0e6a0e05e338b5630894a5f779cabb4f9b",
                "sha256:b3bda1d108d5dd99f4a20d24d9c348e91c4db7ab1b749200bded2f839ccbe68f"
            ],
            "markers": "python_version >= '2.6' and python_version not in '3.0, 3.1, 3.2, 3.3'",
            "version": "==0.10.2"
        },
        "tomli": {
            "hashes": [
                "sha256:8dd0e9524d6f386271a36b41dbf6c57d8e32fd96fd22b6584679dc569d20899f",
                "sha256:a5b75cb6f3968abb47af1b40c1819dc519ea82bcc065776a866e8d74c5ca9442"
            ],
            "version": "==1.2.1"
        },
        "wrapt": {
            "hashes": [
                "sha256:b62ffa81fb85f4332a4f609cab4ac40709470da05643a082ec1eb88e6d9b97d7"
            ],
            "version": "==1.12.1"
        },
        "zipp": {
            "hashes": [
                "sha256:c70410551488251b0fee67b460fb9a536af8d6f9f008ad10ac51f615b6a521b1",
                "sha256:e0d9e63797e483a30d27e09fffd308c59a700d365ec34e93cc100844168bf921"
            ],
            "index": "pypi",
            "version": "==1.2.0"
        }
    }
}
