{
    "_meta": {
        "hash": {
            "sha256": "fadbaa5c0d7020ef4dc86129594d4c3b939e67c37f33c2fa33c05f5c14ed3a30"
        },
        "pipfile-spec": 6,
        "requires": {
            "python_version": "3"
        },
        "sources": [
            {
                "name": "pypi",
                "url": "https://pypi.org/simple",
                "verify_ssl": true
            }
        ]
    },
    "default": {
        "dlinfo": {
            "editable": true,
            "path": "."
        }
    },
    "develop": {
        "astroid": {
            "hashes": [
                "sha256:0e14202810b30da1b735827f78f5157be2bbd4a7a59b7707ca0bfc2fb4c0063a",
                "sha256:413658a61eeca6202a59231abb473f932038fbcbf1666587f66d482083413a25"
            ],
            "markers": "python_full_version >= '3.8.0'",
            "version": "==3.2.4"
        },
        "coverage": {
            "extras": [
                "toml"
            ],
            "hashes": [
                "sha256:00838a35b882694afda09f85e469c96367daa3f3f2b097d846a7216993d37f4c",
                "sha256:0513b9508b93da4e1716744ef6ebc507aff016ba115ffe8ecff744d1322a7b63",
                "sha256:09c3255458533cb76ef55da8cc49ffab9e33f083739c8bd4f58e79fecfe288f7",
                "sha256:09ef9199ed6653989ebbcaacc9b62b514bb63ea2f90256e71fea3ed74bd8ff6f",
                "sha256:09fa497a8ab37784fbb20ab699c246053ac294d13fc7eb40ec007a5043ec91f8",
                "sha256:0f9f50e7ef2a71e2fae92774c99170eb8304e3fdf9c8c3c7ae9bab3e7229c5cf",
                "sha256:137eb07173141545e07403cca94ab625cc1cc6bc4c1e97b6e3846270e7e1fea0",
                "sha256:1f384c3cc76aeedce208643697fb3e8437604b512255de6d18dae3f27655a384",
                "sha256:201bef2eea65e0e9c56343115ba3814e896afe6d36ffd37bab783261db430f76",
                "sha256:38dd60d7bf242c4ed5b38e094baf6401faa114fc09e9e6632374388a404f98e7",
                "sha256:3b799445b9f7ee8bf299cfaed6f5b226c0037b74886a4e11515e569b36fe310d",
                "sha256:3ea79bb50e805cd6ac058dfa3b5c8f6c040cb87fe83de10845857f5535d1db70",
                "sha256:40209e141059b9370a2657c9b15607815359ab3ef9918f0196b6fccce8d3230f",
                "sha256:41c9c5f3de16b903b610d09650e5e27adbfa7f500302718c9ffd1c12cf9d6818",
                "sha256:54eb8d1bf7cacfbf2a3186019bcf01d11c666bd495ed18717162f7eb1e9dd00b",
                "sha256:598825b51b81c808cb6f078dcb972f96af96b078faa47af7dfcdf282835baa8d",
                "sha256:5fc1de20b2d4a061b3df27ab9b7c7111e9a710f10dc2b84d33a4ab25065994ec",
                "sha256:623512f8ba53c422fcfb2ce68362c97945095b864cda94a92edbaf5994201083",
                "sha256:690db6517f09336559dc0b5f55342df62370a48f5469fabf502db2c6d1cffcd2",
                "sha256:69eb372f7e2ece89f14751fbcbe470295d73ed41ecd37ca36ed2eb47512a6ab9",
                "sha256:73bfb9c09951125d06ee473bed216e2c3742f530fc5acc1383883125de76d9cd",
                "sha256:742a76a12aa45b44d236815d282b03cfb1de3b4323f3e4ec933acfae08e54ade",
                "sha256:7c95949560050d04d46b919301826525597f07b33beba6187d04fa64d47ac82e",
                "sha256:8130a2aa2acb8788e0b56938786c33c7c98562697bf9f4c7d6e8e5e3a0501e4a",
                "sha256:8a2b2b78c78293782fd3767d53e6474582f62443d0504b1554370bde86cc8227",
                "sha256:8ce1415194b4a6bd0cdcc3a1dfbf58b63f910dcb7330fe15bdff542c56949f87",
                "sha256:9ca28a302acb19b6af89e90f33ee3e1906961f94b54ea37de6737b7ca9d8827c",
                "sha256:a4cdc86d54b5da0df6d3d3a2f0b710949286094c3a6700c21e9015932b81447e",
                "sha256:aa5b1c1bfc28384f1f53b69a023d789f72b2e0ab1b3787aae16992a7ca21056c",
                "sha256:aadacf9a2f407a4688d700e4ebab33a7e2e408f2ca04dbf4aef17585389eff3e",
                "sha256:ae71e7ddb7a413dd60052e90528f2f65270aad4b509563af6d03d53e979feafd",
                "sha256:b14706df8b2de49869ae03a5ccbc211f4041750cd4a66f698df89d44f4bd30ec",
                "sha256:b1a93009cb80730c9bca5d6d4665494b725b6e8e157c1cb7f2db5b4b122ea562",
                "sha256:b2991665420a803495e0b90a79233c1433d6ed77ef282e8e152a324bbbc5e0c8",
                "sha256:b2c5edc4ac10a7ef6605a966c58929ec6c1bd0917fb8c15cb3363f65aa40e677",
                "sha256:b4d33f418f46362995f1e9d4f3a35a1b6322cb959c31d88ae56b0298e1c22357",
                "sha256:b91cbc4b195444e7e258ba27ac33769c41b94967919f10037e6355e998af255c",
                "sha256:c74880fc64d4958159fbd537a091d2a585448a8f8508bf248d72112723974cbd",
                "sha256:c901df83d097649e257e803be22592aedfd5182f07b3cc87d640bbb9afd50f49",
                "sha256:cac99918c7bba15302a2d81f0312c08054a3359eaa1929c7e4b26ebe41e9b286",
                "sha256:cc4f1358cb0c78edef3ed237ef2c86056206bb8d9140e73b6b89fbcfcbdd40e1",
                "sha256:ccd341521be3d1b3daeb41960ae94a5e87abe2f46f17224ba5d6f2b8398016cf",
                "sha256:ce4b94265ca988c3f8e479e741693d143026632672e3ff924f25fab50518dd51",
                "sha256:cf271892d13e43bc2b51e6908ec9a6a5094a4df1d8af0bfc360088ee6c684409",
                "sha256:d5ae728ff3b5401cc320d792866987e7e7e880e6ebd24433b70a33b643bb0384",
                "sha256:d71eec7d83298f1af3326ce0ff1d0ea83c7cb98f72b577097f9083b20bdaf05e",
                "sha256:d898fe162d26929b5960e4e138651f7427048e72c853607f2b200909794ed978",
                "sha256:d89d7b2974cae412400e88f35d86af72208e1ede1a541954af5d944a8ba46c57",
                "sha256:dfa8fe35a0bb90382837b238fff375de15f0dcdb9ae68ff85f7a63649c98527e",
                "sha256:e0be5efd5127542ef31f165de269f77560d6cdef525fffa446de6f7e9186cfb2",
                "sha256:fdfafb32984684eb03c2d83e1e51f64f0906b11e64482df3c5db936ce3839d48",
                "sha256:ff7687ca3d7028d8a5f0ebae95a6e4827c5616b31a4ee1192bdfde697db110d4"
            ],
            "markers": "python_version >= '3.8'",
            "version": "==7.4.4"
        },
        "dill": {
            "hashes": [
                "sha256:3ebe3c479ad625c4553aca177444d89b486b1d84982eeacded644afc0cf797ca",
                "sha256:c36ca9ffb54365bdd2f8eb3eff7d2a21237f8452b57ace88b1ac615b7e815bd7"
            ],
            "markers": "python_version >= '0'",
            "version": "==0.3.8"
        },
        "exceptiongroup": {
            "hashes": [
                "sha256:097acd85d473d75af5bb98e41b61ff7fe35efe6675e4f9370ec6ec5126d160e9",
                "sha256:343280667a4585d195ca1cf9cef84a4e178c4b6cf2274caef9859782b567d5e3"
            ],
            "markers": "python_version < '3.11'",
            "version": "==1.1.3"
        },
        "iniconfig": {
            "hashes": [
                "sha256:2d91e135bf72d31a410b17c16da610a82cb55f6b0477d1a902134b24a455b8b3",
                "sha256:b6a85871a79d2e3b22d2d1b94ac2824226a63c6b741c88f7ae975f18b6778374"
            ],
            "markers": "python_version >= '3.7'",
            "version": "==2.0.0"
        },
        "isort": {
            "hashes": [
                "sha256:48fdfcb9face5d58a4f6dde2e72a1fb8dcaf8ab26f95ab49fab84c2ddefb0109",
                "sha256:8ca5e72a8d85860d5a3fa69b8745237f2939afe12dbf656afbcb47fe72d947a6"
            ],
            "markers": "python_full_version >= '3.8.0'",
            "version": "==5.13.2"
        },
        "mccabe": {
            "hashes": [
                "sha256:348e0240c33b60bbdf4e523192ef919f28cb2c3d7d5c7794f74009290f236325",
                "sha256:6c2d30ab6be0e4a46919781807b4f0d834ebdd6c6e3dca0bda5a15f863427b6e"
            ],
            "markers": "python_version >= '3.6'",
            "version": "==0.7.0"
        },
        "packaging": {
            "hashes": [
                "sha256:09abb1bccd265c01f4a3aa3f7a7db064b36514d2cba19a2f694fe6150451a759",
                "sha256:c228a6dc5e932d346bc5739379109d49e8853dd8223571c7c5b55260edc0b97f"
            ],
            "markers": "python_version >= '3.8'",
            "version": "==24.2"
        },
        "platformdirs": {
            "hashes": [
                "sha256:2d7a1657e36a80ea911db832a8a6ece5ee53d8de21edd5cc5879af6530b1bfee",
                "sha256:38b7b51f512eed9e84a22788b4bce1de17c0adb134d6becb09836e37d8654cd3"
            ],
            "markers": "python_version >= '3.8'",
            "version": "==4.2.2"
        },
        "pluggy": {
            "hashes": [
                "sha256:2cffa88e94fdc978c4c574f15f9e59b7f4201d439195c3715ca9e2486f1d0cf1",
                "sha256:44e1ad92c8ca002de6377e165f3e0f1be63266ab4d554740532335b9d75ea669"
            ],
            "markers": "python_version >= '3.8'",
            "version": "==1.5.0"
        },
        "pylint": {
            "hashes": [
                "sha256:02f4aedeac91be69fb3b4bea997ce580a4ac68ce58b89eaefeaf06749df73f4b",
                "sha256:1b7a721b575eaeaa7d39db076b6e7743c993ea44f57979127c517c6c572c803e"
            ],
            "index": "pypi",
            "markers": "python_full_version >= '3.8.0'",
            "version": "==3.2.7"
        },
        "pytest": {
            "hashes": [
                "sha256:50e16d954148559c9a74109af1eaf0c945ba2d8f30f0a3d3335edde19788b6f6",
                "sha256:965370d062bce11e73868e0335abac31b4d3de0e82f4007408d242b4f8610761"
            ],
            "index": "pypi",
            "markers": "python_version >= '3.8'",
            "version": "==8.3.4"
        },
        "pytest-cov": {
            "hashes": [
                "sha256:4f0764a1219df53214206bf1feea4633c3b558a2925c8b59f144f682861ce652",
                "sha256:5837b58e9f6ebd335b0f8060eecce69b662415b16dc503883a02f45dfeb14857"
            ],
            "index": "pypi",
            "markers": "python_version >= '3.8'",
            "version": "==5.0.0"
        },
        "tomli": {
            "hashes": [
                "sha256:939de3e7a6161af0c887ef91b7d41a53e7c5a1ca976325f429cb46ea9bc30ecc",
                "sha256:de526c12914f0c550d15924c62d72abc48d6fe7364aa87328337a31007fe8a4f"
            ],
            "markers": "python_version < '3.11'",
            "version": "==2.0.1"
        },
        "tomlkit": {
            "hashes": [
                "sha256:7a974427f6e119197f670fbbbeae7bef749a6c14e793db934baefc1b5f03efde",
                "sha256:fff5fe59a87295b278abd31bec92c15d9bc4a06885ab12bcea52c71119392e79"
            ],
            "markers": "python_version >= '3.8'",
            "version": "==0.13.2"
        },
        "typing-extensions": {
            "hashes": [
                "sha256:8f92fc8806f9a6b641eaa5318da32b44d401efaac0f6678c9bc448ba3605faa0",
                "sha256:df8e4339e9cb77357558cbdbceca33c303714cf861d1eef15e1070055ae8b7ef"
            ],
            "version": "==4.8.0"
        },
        "wrapt": {
            "hashes": [
                "sha256:09f5141599eaf36d6cc0b760ad87c2ab6b8618d009b2922639266676775a73a6",
                "sha256:0aad4f54b3155d673a5c4706a71a0a84f3d415b2fc8a2a399a964d70f18846a2",
                "sha256:0eb33799b7582bb73787b9903b70595f8eff67eecc9455f668ed01adf53f9eea",
                "sha256:0ee037e4cc9d039efe712b13c483f4efa2c3499642369e01570b3bb1842eea3f",
                "sha256:0fdc4e73a3fa0c25eed4d836d9732226f0326957cb075044a7f252b465299433",
                "sha256:13887d1415dc0e213a9adeb9026ae1f427023f77110d988fbd478643490aa40c",
                "sha256:144ed42a4ec3aca5d6f1524f99ee49493bbd0d9c66c24da7ec44b4661dca4dcc",
                "sha256:14f78f8c313884f889c6696af62aa881af302a989a7c0df398d2b541fa53e8a9",
                "sha256:15f96fe5e2efdc613983327240ae89cf6368c07eeb0f194d240e9549aa1ea739",
                "sha256:162d5f15bdd3b8037e06540902227ef9e0f298496c0afaadd9e2875851446693",
                "sha256:169033329022739c6f0d8cd3031a113953b0ba500f3d5978904bdd40baec4568",
                "sha256:16b2fdfa09a74a3930175b6d9d7d008022aa72a4f02de2b3eecafcc1adfd3cfe",
                "sha256:181a844005c9818792212a32e004cb4c6bd8e35cae8e97b1a39a1918d95cef58",
                "sha256:18fb16fb6bb75f4ec6272829007f3129a9a5264d0230372f9651e5f75cfec552",
                "sha256:1c119802ae432b8c5d55dd5253825d09c1dca1c97ffc7b32c53ecdb348712f64",
                "sha256:20888d886186d19eab53816db2e615950b1ce7dbd5c239107daf2c8a6a4a03c6",
                "sha256:21ffcf16f5c243a626b0f8da637948e3d5984e3bc0c1bc500ad990e88e974e3b",
                "sha256:27a49f217839bf559d436308bae8fc4a9dd0ac98ffdb9d6aeb3f00385b0fb72c",
                "sha256:2b20fcef5a3ee410671a5a59472e1ff9dda21cfbe5dfd15e23ee4b99ac455c8e",
                "sha256:2c160bb8815787646b27a0c8575a26a4d6bf6abd7c5eb250ad3f2d38b29cb2cb",
                "sha256:2f1bc359f6c52e53565e7af24b423e7a1eea97d155f38ac9e90e95303514710b",
                "sha256:30c0c08434fe2af6e40c5c75c036d7e3c7e7f499079fc479e740d9586b09fb0d",
                "sha256:3260178f3bc006acae93378bfd6dbf33c9249de93cc1b78d8cc7b7416f4ea99a",
                "sha256:3dfd4738a630eddfcb7ff6c8e9fe863df3821f9c991dec73821e05450074ae09",
                "sha256:50a4e3b45e62b1ccb96b3fc0e427f1b458ff2e0def34ae084de88418157a09d1",
                "sha256:50bbfa7a92da7540426c774e09d6901e44d8f9b513b276ebae03ae244f0c6dbf",
                "sha256:52f0907287d9104112dbebda46af4db0793fcc4c64c8a867099212d116b6db64",
                "sha256:53e2986a65eba7c399d7ad1ccd204562d4ffe6e937344fe5a49eb5a83858f797",
                "sha256:5660e470edfa15ae7ef407272c642d29e9962777a6b30bfa8fc0da2173dc9afd",
                "sha256:57e932ad1908b53e9ad67a746432f02bc8473a9ee16e26a47645a2b224fba5fd",
                "sha256:589f24449fd58508533c4a69b2a0f45e9e3419b86b43a0607e2fdb989c6f2552",
                "sha256:5c2e24ba455af4b0a237a890ea6ed9bafd01fac2c47095f87c53ea3344215d43",
                "sha256:5ebea3ebb6a394f50f150a52e279508e91c8770625ac8fcb5d8cf35995a320f2",
                "sha256:67c30d3fe245adb0eb1061a0e526905970a0dabe7c5fba5078e0ee9d19f28167",
                "sha256:6bb82447ddae4e3d9b51f40c494f66e6cbd8fb0e8e8b993678416535c67f9a0d",
                "sha256:6ce4cff3922707048d754e365c4ebf41a3bcbf29b329349bf85d51873c7c7e9e",
                "sha256:6d44b14f3a2f6343a07c90344850b7af5515538ce3a5d01f9c87d8bae9bd8724",
                "sha256:6fd88935b12b59a933ef45facb57575095f205d30d0ae8dd1a3b485bc4fa2fbd",
                "sha256:78da796b74f2c8e0af021ee99feb3bff7cb46f8e658fe25c20e66be1080db4a2",
                "sha256:7966f98fa36933333d8a1c3d8552aa3d0735001901a4aabcfbd5a502b4ef14fe",
                "sha256:7eca3a1afa9820785b79cb137c68ca38c2f77cfedc3120115da42e1d5800907e",
                "sha256:823a262d967cbdf835787039b873ff551e36c14658bdc2e43267968b67f61f88",
                "sha256:88623fd957ba500d8bb0f7427a76496d99313ca2f9e932481c0882e034cf1add",
                "sha256:889587664d245dae75c752b643061f922e8a590d43a4cd088eca415ca83f2d13",
                "sha256:9176057c60438c2ce2284cdefc2b3ee5eddc8c87cd6e24c558d9f5c64298fa4a",
                "sha256:93018dbb956e0ad99ea2fa2c3c22f033549dcb1f56ad9f4555dfe25e49688c5d",
                "sha256:97eaff096fcb467e0f486f3bf354c1072245c2045859d71ba71158717ec97dcc",
                "sha256:997e8f9b984e4263993d3baf3329367e7c7673b63789bc761718a6f9ed68653d",
                "sha256:99e544e6ce26f89ad5acc6f407bc4daf7c1d42321e836f5c768f834100bdf35c",
                "sha256:9e04f3bd30e0b23c0ca7e1d4084e7d28b6d7d2feb8b7bc69b496fe881280579b",
                "sha256:a7aa07603d67007c15b33d20095cc9276f3e127bfb1b8106b3e84ec6907d137e",
                "sha256:a992f9e019145e84616048556546edeaba68e05e1c1ffbe8391067a63cdadb0c",
                "sha256:b1a4c8edd038fee0ce67bf119b16eaa45d22a52bbaf7d0a17d2312eb0003b1bb",
                "sha256:b8bd35c15bc82c5cbe397e8196fa57a17ce5d3f30e925a6fd39e4c5bb02fdcff",
                "sha256:b9a58a1cbdc0588ed4c8ab0c191002d5d831a58c3bad88523fe471ea97eaf57d",
                "sha256:bac64f57a5a7926ebc9ab519fb9eba1fc6dcd1f65d7f45937b2ce38da65c2270",
                "sha256:bca1c0824f824bcd97b4b179dd55dcad1dab419252be2b2faebbcacefa3b27b2",
                "sha256:bdf7b0e3d3713331c0bb9daac47cd10e5aa60d060e53696f50de4e560bd5617f",
                "sha256:c53ef8936c4d587cb96bb1cf0d076e822fa38266c2b646837ef60465da8db22e",
                "sha256:cbead724daa13cae46e8ab3bb24938d8514d123f34345535b184f3eb1b7ad717",
                "sha256:cd7649f0c493d35f9aad9790bbecd7b6fd2e2f7141f6cb1e1e9bb7a681d6d0a4",
                "sha256:d609f0ab0603bbcbf2de906b366b9f9bec75c32b4493550a940de658cc2ce512",
                "sha256:d792631942a102d6d4f71e4948aceb307310ac0a0af054be6d28b4f79583e0f1",
                "sha256:d87334b521ab0e2564902c0b10039dee8670485e9d397fe97c34b88801f474f7",
                "sha256:da0d0c1c4bd55f9ace919454776dbf0821f537b9a77f739f0c3e34b14728b3b3",
                "sha256:e0f0e731e0ca1583befd3af71b9f90d64ded1535da7b80181cb9e907cc10bbae",
                "sha256:e5bd9186d52cf3d36bf1823be0e85297e4dbad909bc6dd495ce0d272806d84a7",
                "sha256:e72053cc4706dac537d5a772135dc3e1de5aff52883f49994c1757c1b2dc9db2",
                "sha256:e8a7b0699a381226d81d75b48ea58414beb5891ba8982bdc8e42912f766de074",
                "sha256:ec3e763e7ca8dcba0792fc3e8ff7061186f59e9aafe4438e6bb1f635a6ab0901",
                "sha256:f17e8d926f63aed65ff949682c922f96d00f65c2e852c24272232313fa7823d5",
                "sha256:f3117feb1fc479eaf84b549d3f229d5d2abdb823f003bc2a1c6dd70072912fa0"
            ],
            "index": "pypi",
            "markers": "python_version >= '3.8'",
            "version": "==1.17.1"
        }
    }
}
